// !$*UTF8*$!
{
	archiveVersion = 1;
	classes = {
	};
	objectVersion = 56;
	objects = {

/* Begin PBXBuildFile section */
		7C857F202AD70EB70005C0F3 /* Model.swift in Sources */ = {isa = PBXBuildFile; fileRef = 7C857F1F2AD70EB70005C0F3 /* Model.swift */; };
		7C857F232AD70F340005C0F3 /* Alamofire in Frameworks */ = {isa = PBXBuildFile; productRef = 7C857F222AD70F340005C0F3 /* Alamofire */; };
		7C857F252AD70F570005C0F3 /* APIFetch.swift in Sources */ = {isa = PBXBuildFile; fileRef = 7C857F242AD70F570005C0F3 /* APIFetch.swift */; };
		7CE683402AD70B3100266818 /* AppDelegate.swift in Sources */ = {isa = PBXBuildFile; fileRef = 7CE6833F2AD70B3100266818 /* AppDelegate.swift */; };
		7CE683422AD70B3100266818 /* SceneDelegate.swift in Sources */ = {isa = PBXBuildFile; fileRef = 7CE683412AD70B3100266818 /* SceneDelegate.swift */; };
		7CE683442AD70B3100266818 /* ViewController.swift in Sources */ = {isa = PBXBuildFile; fileRef = 7CE683432AD70B3100266818 /* ViewController.swift */; };
		7CE683492AD70B3200266818 /* Assets.xcassets in Resources */ = {isa = PBXBuildFile; fileRef = 7CE683482AD70B3200266818 /* Assets.xcassets */; };
		7CE6834C2AD70B3200266818 /* LaunchScreen.storyboard in Resources */ = {isa = PBXBuildFile; fileRef = 7CE6834A2AD70B3200266818 /* LaunchScreen.storyboard */; };
/* End PBXBuildFile section */

/* Begin PBXFileReference section */
		7C857F1F2AD70EB70005C0F3 /* Model.swift */ = {isa = PBXFileReference; lastKnownFileType = sourcecode.swift; path = Model.swift; sourceTree = "<group>"; };
		7C857F242AD70F570005C0F3 /* APIFetch.swift */ = {isa = PBXFileReference; lastKnownFileType = sourcecode.swift; path = APIFetch.swift; sourceTree = "<group>"; };
		7CE6833C2AD70B3100266818 /* alomafire21-magicApi.app */ = {isa = PBXFileReference; explicitFileType = wrapper.application; includeInIndex = 0; path = "alomafire21-magicApi.app"; sourceTree = BUILT_PRODUCTS_DIR; };
		7CE6833F2AD70B3100266818 /* AppDelegate.swift */ = {isa = PBXFileReference; lastKnownFileType = sourcecode.swift; path = AppDelegate.swift; sourceTree = "<group>"; };
		7CE683412AD70B3100266818 /* SceneDelegate.swift */ = {isa = PBXFileReference; lastKnownFileType = sourcecode.swift; path = SceneDelegate.swift; sourceTree = "<group>"; };
		7CE683432AD70B3100266818 /* ViewController.swift */ = {isa = PBXFileReference; lastKnownFileType = sourcecode.swift; path = ViewController.swift; sourceTree = "<group>"; };
		7CE683482AD70B3200266818 /* Assets.xcassets */ = {isa = PBXFileReference; lastKnownFileType = folder.assetcatalog; path = Assets.xcassets; sourceTree = "<group>"; };
		7CE6834B2AD70B3200266818 /* Base */ = {isa = PBXFileReference; lastKnownFileType = file.storyboard; name = Base; path = Base.lproj/LaunchScreen.storyboard; sourceTree = "<group>"; };
		7CE6834D2AD70B3200266818 /* Info.plist */ = {isa = PBXFileReference; lastKnownFileType = text.plist.xml; path = Info.plist; sourceTree = "<group>"; };
/* End PBXFileReference section */

/* Begin PBXFrameworksBuildPhase section */
		7CE683392AD70B3100266818 /* Frameworks */ = {
			isa = PBXFrameworksBuildPhase;
			buildActionMask = 2147483647;
			files = (
				7C857F232AD70F340005C0F3 /* Alamofire in Frameworks */,
			);
			runOnlyForDeploymentPostprocessing = 0;
		};
/* End PBXFrameworksBuildPhase section */

/* Begin PBXGroup section */
		7C857F1E2AD70E130005C0F3 /* App */ = {
			isa = PBXGroup;
			children = (
				7CE6833F2AD70B3100266818 /* AppDelegate.swift */,
				7CE683412AD70B3100266818 /* SceneDelegate.swift */,
			);
			path = App;
			sourceTree = "<group>";
		};
		7CE683332AD70B3100266818 = {
			isa = PBXGroup;
			children = (
				7CE6833E2AD70B3100266818 /* alomafire21-magicApi */,
				7CE6833D2AD70B3100266818 /* Products */,
			);
			sourceTree = "<group>";
		};
		7CE6833D2AD70B3100266818 /* Products */ = {
			isa = PBXGroup;
			children = (
				7CE6833C2AD70B3100266818 /* alomafire21-magicApi.app */,
			);
			name = Products;
			sourceTree = "<group>";
		};
		7CE6833E2AD70B3100266818 /* alomafire21-magicApi */ = {
			isa = PBXGroup;
			children = (
				7CE683532AD70D8300266818 /* Sources */,
				7CE683542AD70D9200266818 /* Resources */,
			);
			path = "alomafire21-magicApi";
			sourceTree = "<group>";
		};
		7CE683532AD70D8300266818 /* Sources */ = {
			isa = PBXGroup;
			children = (
				7C857F1E2AD70E130005C0F3 /* App */,
				7CE683432AD70B3100266818 /* ViewController.swift */,
				7C857F1F2AD70EB70005C0F3 /* Model.swift */,
				7C857F242AD70F570005C0F3 /* APIFetch.swift */,
			);
			path = Sources;
			sourceTree = "<group>";
		};
		7CE683542AD70D9200266818 /* Resources */ = {
			isa = PBXGroup;
			children = (
				7CE683482AD70B3200266818 /* Assets.xcassets */,
				7CE6834A2AD70B3200266818 /* LaunchScreen.storyboard */,
				7CE6834D2AD70B3200266818 /* Info.plist */,
			);
			path = Resources;
			sourceTree = "<group>";
		};
/* End PBXGroup section */

/* Begin PBXNativeTarget section */
		7CE6833B2AD70B3100266818 /* alomafire21-magicApi */ = {
			isa = PBXNativeTarget;
			buildConfigurationList = 7CE683502AD70B3200266818 /* Build configuration list for PBXNativeTarget "alomafire21-magicApi" */;
			buildPhases = (
				7CE683382AD70B3100266818 /* Sources */,
				7CE683392AD70B3100266818 /* Frameworks */,
				7CE6833A2AD70B3100266818 /* Resources */,
			);
			buildRules = (
			);
			dependencies = (
			);
			name = "alomafire21-magicApi";
			packageProductDependencies = (
				7C857F222AD70F340005C0F3 /* Alamofire */,
			);
			productName = "alomafire21-magicApi";
			productReference = 7CE6833C2AD70B3100266818 /* alomafire21-magicApi.app */;
			productType = "com.apple.product-type.application";
		};
/* End PBXNativeTarget section */

/* Begin PBXProject section */
		7CE683342AD70B3100266818 /* Project object */ = {
			isa = PBXProject;
			attributes = {
				BuildIndependentTargetsInParallel = 1;
				LastSwiftUpdateCheck = 1420;
				LastUpgradeCheck = 1420;
				TargetAttributes = {
					7CE6833B2AD70B3100266818 = {
						CreatedOnToolsVersion = 14.2;
					};
				};
			};
			buildConfigurationList = 7CE683372AD70B3100266818 /* Build configuration list for PBXProject "alomafire21-magicApi" */;
			compatibilityVersion = "Xcode 14.0";
			developmentRegion = en;
			hasScannedForEncodings = 0;
			knownRegions = (
				en,
				Base,
			);
			mainGroup = 7CE683332AD70B3100266818;
			packageReferences = (
				7C857F212AD70F340005C0F3 /* XCRemoteSwiftPackageReference "Alamofire" */,
			);
			productRefGroup = 7CE6833D2AD70B3100266818 /* Products */;
			projectDirPath = "";
			projectRoot = "";
			targets = (
				7CE6833B2AD70B3100266818 /* alomafire21-magicApi */,
			);
		};
/* End PBXProject section */

/* Begin PBXResourcesBuildPhase section */
		7CE6833A2AD70B3100266818 /* Resources */ = {
			isa = PBXResourcesBuildPhase;
			buildActionMask = 2147483647;
			files = (
				7CE6834C2AD70B3200266818 /* LaunchScreen.storyboard in Resources */,
				7CE683492AD70B3200266818 /* Assets.xcassets in Resources */,
			);
			runOnlyForDeploymentPostprocessing = 0;
		};
/* End PBXResourcesBuildPhase section */

/* Begin PBXSourcesBuildPhase section */
		7CE683382AD70B3100266818 /* Sources */ = {
			isa = PBXSourcesBuildPhase;
			buildActionMask = 2147483647;
			files = (
				7CE683442AD70B3100266818 /* ViewController.swift in Sources */,
				7CE683402AD70B3100266818 /* AppDelegate.swift in Sources */,
				7C857F252AD70F570005C0F3 /* APIFetch.swift in Sources */,
				7CE683422AD70B3100266818 /* SceneDelegate.swift in Sources */,
				7C857F202AD70EB70005C0F3 /* Model.swift in Sources */,
			);
			runOnlyForDeploymentPostprocessing = 0;
		};
/* End PBXSourcesBuildPhase section */

/* Begin PBXVariantGroup section */
		7CE6834A2AD70B3200266818 /* LaunchScreen.storyboard */ = {
			isa = PBXVariantGroup;
			children = (
				7CE6834B2AD70B3200266818 /* Base */,
			);
			name = LaunchScreen.storyboard;
			sourceTree = "<group>";
		};
/* End PBXVariantGroup section */

/* Begin XCBuildConfiguration section */
		7CE6834E2AD70B3200266818 /* Debug */ = {
			isa = XCBuildConfiguration;
			buildSettings = {
				ALWAYS_SEARCH_USER_PATHS = NO;
				CLANG_ANALYZER_NONNULL = YES;
				CLANG_ANALYZER_NUMBER_OBJECT_CONVERSION = YES_AGGRESSIVE;
				CLANG_CXX_LANGUAGE_STANDARD = "gnu++20";
				CLANG_ENABLE_MODULES = YES;
				CLANG_ENABLE_OBJC_ARC = YES;
				CLANG_ENABLE_OBJC_WEAK = YES;
				CLANG_WARN_BLOCK_CAPTURE_AUTORELEASING = YES;
				CLANG_WARN_BOOL_CONVERSION = YES;
				CLANG_WARN_COMMA = YES;
				CLANG_WARN_CONSTANT_CONVERSION = YES;
				CLANG_WARN_DEPRECATED_OBJC_IMPLEMENTATIONS = YES;
				CLANG_WARN_DIRECT_OBJC_ISA_USAGE = YES_ERROR;
				CLANG_WARN_DOCUMENTATION_COMMENTS = YES;
				CLANG_WARN_EMPTY_BODY = YES;
				CLANG_WARN_ENUM_CONVERSION = YES;
				CLANG_WARN_INFINITE_RECURSION = YES;
				CLANG_WARN_INT_CONVERSION = YES;
				CLANG_WARN_NON_LITERAL_NULL_CONVERSION = YES;
				CLANG_WARN_OBJC_IMPLICIT_RETAIN_SELF = YES;
				CLANG_WARN_OBJC_LITERAL_CONVERSION = YES;
				CLANG_WARN_OBJC_ROOT_CLASS = YES_ERROR;
				CLANG_WARN_QUOTED_INCLUDE_IN_FRAMEWORK_HEADER = YES;
				CLANG_WARN_RANGE_LOOP_ANALYSIS = YES;
				CLANG_WARN_STRICT_PROTOTYPES = YES;
				CLANG_WARN_SUSPICIOUS_MOVE = YES;
				CLANG_WARN_UNGUARDED_AVAILABILITY = YES_AGGRESSIVE;
				CLANG_WARN_UNREACHABLE_CODE = YES;
				CLANG_WARN__DUPLICATE_METHOD_MATCH = YES;
				COPY_PHASE_STRIP = NO;
				DEBUG_INFORMATION_FORMAT = dwarf;
				ENABLE_STRICT_OBJC_MSGSEND = YES;
				ENABLE_TESTABILITY = YES;
				GCC_C_LANGUAGE_STANDARD = gnu11;
				GCC_DYNAMIC_NO_PIC = NO;
				GCC_NO_COMMON_BLOCKS = YES;
				GCC_OPTIMIZATION_LEVEL = 0;
				GCC_PREPROCESSOR_DEFINITIONS = (
					"DEBUG=1",
					"$(inherited)",
				);
				GCC_WARN_64_TO_32_BIT_CONVERSION = YES;
				GCC_WARN_ABOUT_RETURN_TYPE = YES_ERROR;
				GCC_WARN_UNDECLARED_SELECTOR = YES;
				GCC_WARN_UNINITIALIZED_AUTOS = YES_AGGRESSIVE;
				GCC_WARN_UNUSED_FUNCTION = YES;
				GCC_WARN_UNUSED_VARIABLE = YES;
				IPHONEOS_DEPLOYMENT_TARGET = 16.2;
				MTL_ENABLE_DEBUG_INFO = INCLUDE_SOURCE;
				MTL_FAST_MATH = YES;
				ONLY_ACTIVE_ARCH = YES;
				SDKROOT = iphoneos;
				SWIFT_ACTIVE_COMPILATION_CONDITIONS = DEBUG;
				SWIFT_OPTIMIZATION_LEVEL = "-Onone";
			};
			name = Debug;
		};
		7CE6834F2AD70B3200266818 /* Release */ = {
			isa = XCBuildConfiguration;
			buildSettings = {
				ALWAYS_SEARCH_USER_PATHS = NO;
				CLANG_ANALYZER_NONNULL = YES;
				CLANG_ANALYZER_NUMBER_OBJECT_CONVERSION = YES_AGGRESSIVE;
				CLANG_CXX_LANGUAGE_STANDARD = "gnu++20";
				CLANG_ENABLE_MODULES = YES;
				CLANG_ENABLE_OBJC_ARC = YES;
				CLANG_ENABLE_OBJC_WEAK = YES;
				CLANG_WARN_BLOCK_CAPTURE_AUTORELEASING = YES;
				CLANG_WARN_BOOL_CONVERSION = YES;
				CLANG_WARN_COMMA = YES;
				CLANG_WARN_CONSTANT_CONVERSION = YES;
				CLANG_WARN_DEPRECATED_OBJC_IMPLEMENTATIONS = YES;
				CLANG_WARN_DIRECT_OBJC_ISA_USAGE = YES_ERROR;
				CLANG_WARN_DOCUMENTATION_COMMENTS = YES;
				CLANG_WARN_EMPTY_BODY = YES;
				CLANG_WARN_ENUM_CONVERSION = YES;
				CLANG_WARN_INFINITE_RECURSION = YES;
				CLANG_WARN_INT_CONVERSION = YES;
				CLANG_WARN_NON_LITERAL_NULL_CONVERSION = YES;
				CLANG_WARN_OBJC_IMPLICIT_RETAIN_SELF = YES;
				CLANG_WARN_OBJC_LITERAL_CONVERSION = YES;
				CLANG_WARN_OBJC_ROOT_CLASS = YES_ERROR;
				CLANG_WARN_QUOTED_INCLUDE_IN_FRAMEWORK_HEADER = YES;
				CLANG_WARN_RANGE_LOOP_ANALYSIS = YES;
				CLANG_WARN_STRICT_PROTOTYPES = YES;
				CLANG_WARN_SUSPICIOUS_MOVE = YES;
				CLANG_WARN_UNGUARDED_AVAILABILITY = YES_AGGRESSIVE;
				CLANG_WARN_UNREACHABLE_CODE = YES;
				CLANG_WARN__DUPLICATE_METHOD_MATCH = YES;
				COPY_PHASE_STRIP = NO;
				DEBUG_INFORMATION_FORMAT = "dwarf-with-dsym";
				ENABLE_NS_ASSERTIONS = NO;
				ENABLE_STRICT_OBJC_MSGSEND = YES;
				GCC_C_LANGUAGE_STANDARD = gnu11;
				GCC_NO_COMMON_BLOCKS = YES;
				GCC_WARN_64_TO_32_BIT_CONVERSION = YES;
				GCC_WARN_ABOUT_RETURN_TYPE = YES_ERROR;
				GCC_WARN_UNDECLARED_SELECTOR = YES;
				GCC_WARN_UNINITIALIZED_AUTOS = YES_AGGRESSIVE;
				GCC_WARN_UNUSED_FUNCTION = YES;
				GCC_WARN_UNUSED_VARIABLE = YES;
				IPHONEOS_DEPLOYMENT_TARGET = 16.2;
				MTL_ENABLE_DEBUG_INFO = NO;
				MTL_FAST_MATH = YES;
				SDKROOT = iphoneos;
				SWIFT_COMPILATION_MODE = wholemodule;
				SWIFT_OPTIMIZATION_LEVEL = "-O";
				VALIDATE_PRODUCT = YES;
			};
			name = Release;
		};
		7CE683512AD70B3200266818 /* Debug */ = {
			isa = XCBuildConfiguration;
			buildSettings = {
				ASSETCATALOG_COMPILER_APPICON_NAME = AppIcon;
				ASSETCATALOG_COMPILER_GLOBAL_ACCENT_COLOR_NAME = AccentColor;
				CODE_SIGN_STYLE = Automatic;
				CURRENT_PROJECT_VERSION = 1;
				DEVELOPMENT_TEAM = HH9D8WXQ67;
				GENERATE_INFOPLIST_FILE = YES;
				INFOPLIST_FILE = "alomafire21-magicApi/Resources/Info.plist";
				INFOPLIST_KEY_UIApplicationSupportsIndirectInputEvents = YES;
				INFOPLIST_KEY_UILaunchStoryboardName = LaunchScreen;
				INFOPLIST_KEY_UISupportedInterfaceOrientations = UIInterfaceOrientationPortrait;
				INFOPLIST_KEY_UISupportedInterfaceOrientations_iPad = "UIInterfaceOrientationLandscapeLeft UIInterfaceOrientationLandscapeRight UIInterfaceOrientationPortrait UIInterfaceOrientationPortraitUpsideDown";
				LD_RUNPATH_SEARCH_PATHS = (
					"$(inherited)",
					"@executable_path/Frameworks",
				);
				MARKETING_VERSION = 1.0;
				PRODUCT_BUNDLE_IDENTIFIER = "ru.sonyigorevna.alomafire21-magicApi";
				PRODUCT_NAME = "$(TARGET_NAME)";
				SUPPORTED_PLATFORMS = "iphoneos iphonesimulator";
				SUPPORTS_MACCATALYST = NO;
				SUPPORTS_MAC_DESIGNED_FOR_IPHONE_IPAD = NO;
				SWIFT_EMIT_LOC_STRINGS = YES;
				SWIFT_VERSION = 5.0;
				TARGETED_DEVICE_FAMILY = 1;
			};
			name = Debug;
		};
		7CE683522AD70B3200266818 /* Release */ = {
			isa = XCBuildConfiguration;
			buildSettings = {
				ASSETCATALOG_COMPILER_APPICON_NAME = AppIcon;
				ASSETCATALOG_COMPILER_GLOBAL_ACCENT_COLOR_NAME = AccentColor;
				CODE_SIGN_STYLE = Automatic;
				CURRENT_PROJECT_VERSION = 1;
				DEVELOPMENT_TEAM = HH9D8WXQ67;
				GENERATE_INFOPLIST_FILE = YES;
				INFOPLIST_FILE = "alomafire21-magicApi/Resources/Info.plist";
				INFOPLIST_KEY_UIApplicationSupportsIndirectInputEvents = YES;
				INFOPLIST_KEY_UILaunchStoryboardName = LaunchScreen;
				INFOPLIST_KEY_UISupportedInterfaceOrientations = UIInterfaceOrientationPortrait;
				INFOPLIST_KEY_UISupportedInterfaceOrientations_iPad = "UIInterfaceOrientationLandscapeLeft UIInterfaceOrientationLandscapeRight UIInterfaceOrientationPortrait UIInterfaceOrientationPortraitUpsideDown";
				LD_RUNPATH_SEARCH_PATHS = (
					"$(inherited)",
					"@executable_path/Frameworks",
				);
				MARKETING_VERSION = 1.0;
				PRODUCT_BUNDLE_IDENTIFIER = "ru.sonyigorevna.alomafire21-magicApi";
				PRODUCT_NAME = "$(TARGET_NAME)";
				SUPPORTED_PLATFORMS = "iphoneos iphonesimulator";
				SUPPORTS_MACCATALYST = NO;
				SUPPORTS_MAC_DESIGNED_FOR_IPHONE_IPAD = NO;
				SWIFT_EMIT_LOC_STRINGS = YES;
				SWIFT_VERSION = 5.0;
				TARGETED_DEVICE_FAMILY = 1;
			};
			name = Release;
		};
/* End XCBuildConfiguration section */

/* Begin XCConfigurationList section */
		7CE683372AD70B3100266818 /* Build configuration list for PBXProject "alomafire21-magicApi" */ = {
			isa = XCConfigurationList;
			buildConfigurations = (
				7CE6834E2AD70B3200266818 /* Debug */,
				7CE6834F2AD70B3200266818 /* Release */,
			);
			defaultConfigurationIsVisible = 0;
			defaultConfigurationName = Release;
		};
		7CE683502AD70B3200266818 /* Build configuration list for PBXNativeTarget "alomafire21-magicApi" */ = {
			isa = XCConfigurationList;
			buildConfigurations = (
				7CE683512AD70B3200266818 /* Debug */,
				7CE683522AD70B3200266818 /* Release */,
			);
			defaultConfigurationIsVisible = 0;
			defaultConfigurationName = Release;
		};
/* End XCConfigurationList section */

/* Begin XCRemoteSwiftPackageReference section */
		7C857F212AD70F340005C0F3 /* XCRemoteSwiftPackageReference "Alamofire" */ = {
			isa = XCRemoteSwiftPackageReference;
			repositoryURL = "https://github.com/Alamofire/Alamofire";
			requirement = {
				branch = master;
				kind = branch;
			};
		};
/* End XCRemoteSwiftPackageReference section */

/* Begin XCSwiftPackageProductDependency section */
		7C857F222AD70F340005C0F3 /* Alamofire */ = {
			isa = XCSwiftPackageProductDependency;
			package = 7C857F212AD70F340005C0F3 /* XCRemoteSwiftPackageReference "Alamofire" */;
			productName = Alamofire;
		};
/* End XCSwiftPackageProductDependency section */
	};
	rootObject = 7CE683342AD70B3100266818 /* Project object */;
}
